// !$*UTF8*$!
{
	archiveVersion = 1;
	classes = {
	};
	objectVersion = 46;
	objects = {

/* Begin PBXBuildFile section */
		1851A64A1C5D077600EE728A /* AppDelegate.swift in Sources */ = {isa = PBXBuildFile; fileRef = 1851A6491C5D077600EE728A /* AppDelegate.swift */; };
		1851A64C1C5D077600EE728A /* ViewController.swift in Sources */ = {isa = PBXBuildFile; fileRef = 1851A64B1C5D077600EE728A /* ViewController.swift */; };
		1851A64F1C5D077600EE728A /* Main.storyboard in Resources */ = {isa = PBXBuildFile; fileRef = 1851A64D1C5D077600EE728A /* Main.storyboard */; };
		1851A6511C5D077600EE728A /* Assets.xcassets in Resources */ = {isa = PBXBuildFile; fileRef = 1851A6501C5D077600EE728A /* Assets.xcassets */; };
		1851A6541C5D077600EE728A /* LaunchScreen.storyboard in Resources */ = {isa = PBXBuildFile; fileRef = 1851A6521C5D077600EE728A /* LaunchScreen.storyboard */; };
		1851A65F1C5D077600EE728A /* pokedexTests.swift in Sources */ = {isa = PBXBuildFile; fileRef = 1851A65E1C5D077600EE728A /* pokedexTests.swift */; };
		1851A66A1C5D077600EE728A /* pokedexUITests.swift in Sources */ = {isa = PBXBuildFile; fileRef = 1851A6691C5D077600EE728A /* pokedexUITests.swift */; };
/* End PBXBuildFile section */

/* Begin PBXContainerItemProxy section */
		1851A65B1C5D077600EE728A /* PBXContainerItemProxy */ = {
			isa = PBXContainerItemProxy;
			containerPortal = 1851A63E1C5D077500EE728A /* Project object */;
			proxyType = 1;
			remoteGlobalIDString = 1851A6451C5D077500EE728A;
			remoteInfo = pokedex;
		};
		1851A6661C5D077600EE728A /* PBXContainerItemProxy */ = {
			isa = PBXContainerItemProxy;
			containerPortal = 1851A63E1C5D077500EE728A /* Project object */;
			proxyType = 1;
			remoteGlobalIDString = 1851A6451C5D077500EE728A;
			remoteInfo = pokedex;
		};
/* End PBXContainerItemProxy section */

/* Begin PBXFileReference section */
		1851A6461C5D077600EE728A /* pokedex.app */ = {isa = PBXFileReference; explicitFileType = wrapper.application; includeInIndex = 0; path = pokedex.app; sourceTree = BUILT_PRODUCTS_DIR; };
		1851A6491C5D077600EE728A /* AppDelegate.swift */ = {isa = PBXFileReference; lastKnownFileType = sourcecode.swift; path = AppDelegate.swift; sourceTree = "<group>"; };
		1851A64B1C5D077600EE728A /* ViewController.swift */ = {isa = PBXFileReference; lastKnownFileType = sourcecode.swift; path = ViewController.swift; sourceTree = "<group>"; };
		1851A64E1C5D077600EE728A /* Base */ = {isa = PBXFileReference; lastKnownFileType = file.storyboard; name = Base; path = Base.lproj/Main.storyboard; sourceTree = "<group>"; };
		1851A6501C5D077600EE728A /* Assets.xcassets */ = {isa = PBXFileReference; lastKnownFileType = folder.assetcatalog; path = Assets.xcassets; sourceTree = "<group>"; };
		1851A6531C5D077600EE728A /* Base */ = {isa = PBXFileReference; lastKnownFileType = file.storyboard; name = Base; path = Base.lproj/LaunchScreen.storyboard; sourceTree = "<group>"; };
		1851A6551C5D077600EE728A /* Info.plist */ = {isa = PBXFileReference; lastKnownFileType = text.plist.xml; path = Info.plist; sourceTree = "<group>"; };
		1851A65A1C5D077600EE728A /* pokedexTests.xctest */ = {isa = PBXFileReference; explicitFileType = wrapper.cfbundle; includeInIndex = 0; path = pokedexTests.xctest; sourceTree = BUILT_PRODUCTS_DIR; };
		1851A65E1C5D077600EE728A /* pokedexTests.swift */ = {isa = PBXFileReference; lastKnownFileType = sourcecode.swift; path = pokedexTests.swift; sourceTree = "<group>"; };
		1851A6601C5D077600EE728A /* Info.plist */ = {isa = PBXFileReference; lastKnownFileType = text.plist.xml; path = Info.plist; sourceTree = "<group>"; };
		1851A6651C5D077600EE728A /* pokedexUITests.xctest */ = {isa = PBXFileReference; explicitFileType = wrapper.cfbundle; includeInIndex = 0; path = pokedexUITests.xctest; sourceTree = BUILT_PRODUCTS_DIR; };
		1851A6691C5D077600EE728A /* pokedexUITests.swift */ = {isa = PBXFileReference; lastKnownFileType = sourcecode.swift; path = pokedexUITests.swift; sourceTree = "<group>"; };
		1851A66B1C5D077600EE728A /* Info.plist */ = {isa = PBXFileReference; lastKnownFileType = text.plist.xml; path = Info.plist; sourceTree = "<group>"; };
/* End PBXFileReference section */

/* Begin PBXFrameworksBuildPhase section */
		1851A6431C5D077500EE728A /* Frameworks */ = {
			isa = PBXFrameworksBuildPhase;
			buildActionMask = 2147483647;
			files = (
			);
			runOnlyForDeploymentPostprocessing = 0;
		};
		1851A6571C5D077600EE728A /* Frameworks */ = {
			isa = PBXFrameworksBuildPhase;
			buildActionMask = 2147483647;
			files = (
			);
			runOnlyForDeploymentPostprocessing = 0;
		};
		1851A6621C5D077600EE728A /* Frameworks */ = {
			isa = PBXFrameworksBuildPhase;
			buildActionMask = 2147483647;
			files = (
			);
			runOnlyForDeploymentPostprocessing = 0;
		};
/* End PBXFrameworksBuildPhase section */

/* Begin PBXGroup section */
		1851A63D1C5D077500EE728A = {
			isa = PBXGroup;
			children = (
				1851A6481C5D077600EE728A /* pokedex */,
				1851A65D1C5D077600EE728A /* pokedexTests */,
				1851A6681C5D077600EE728A /* pokedexUITests */,
				1851A6471C5D077600EE728A /* Products */,
			);
			sourceTree = "<group>";
		};
		1851A6471C5D077600EE728A /* Products */ = {
			isa = PBXGroup;
			children = (
				1851A6461C5D077600EE728A /* pokedex.app */,
				1851A65A1C5D077600EE728A /* pokedexTests.xctest */,
				1851A6651C5D077600EE728A /* pokedexUITests.xctest */,
			);
			name = Products;
			sourceTree = "<group>";
		};
		1851A6481C5D077600EE728A /* pokedex */ = {
			isa = PBXGroup;
			children = (
				1851A6491C5D077600EE728A /* AppDelegate.swift */,
				1851A64B1C5D077600EE728A /* ViewController.swift */,
				1851A64D1C5D077600EE728A /* Main.storyboard */,
				1851A6501C5D077600EE728A /* Assets.xcassets */,
				1851A6521C5D077600EE728A /* LaunchScreen.storyboard */,
				1851A6551C5D077600EE728A /* Info.plist */,
			);
			path = pokedex;
			sourceTree = "<group>";
		};
		1851A65D1C5D077600EE728A /* pokedexTests */ = {
			isa = PBXGroup;
			children = (
				1851A65E1C5D077600EE728A /* pokedexTests.swift */,
				1851A6601C5D077600EE728A /* Info.plist */,
			);
			path = pokedexTests;
			sourceTree = "<group>";
		};
		1851A6681C5D077600EE728A /* pokedexUITests */ = {
			isa = PBXGroup;
			children = (
				1851A6691C5D077600EE728A /* pokedexUITests.swift */,
				1851A66B1C5D077600EE728A /* Info.plist */,
			);
			path = pokedexUITests;
			sourceTree = "<group>";
		};
/* End PBXGroup section */

/* Begin PBXNativeTarget section */
		1851A6451C5D077500EE728A /* pokedex */ = {
			isa = PBXNativeTarget;
			buildConfigurationList = 1851A66E1C5D077600EE728A /* Build configuration list for PBXNativeTarget "pokedex" */;
			buildPhases = (
				1851A6421C5D077500EE728A /* Sources */,
				1851A6431C5D077500EE728A /* Frameworks */,
				1851A6441C5D077500EE728A /* Resources */,
			);
			buildRules = (
			);
			dependencies = (
			);
			name = pokedex;
			productName = pokedex;
			productReference = 1851A6461C5D077600EE728A /* pokedex.app */;
			productType = "com.apple.product-type.application";
		};
		1851A6591C5D077600EE728A /* pokedexTests */ = {
			isa = PBXNativeTarget;
			buildConfigurationList = 1851A6711C5D077600EE728A /* Build configuration list for PBXNativeTarget "pokedexTests" */;
			buildPhases = (
				1851A6561C5D077600EE728A /* Sources */,
				1851A6571C5D077600EE728A /* Frameworks */,
				1851A6581C5D077600EE728A /* Resources */,
			);
			buildRules = (
			);
			dependencies = (
				1851A65C1C5D077600EE728A /* PBXTargetDependency */,
			);
			name = pokedexTests;
			productName = pokedexTests;
			productReference = 1851A65A1C5D077600EE728A /* pokedexTests.xctest */;
			productType = "com.apple.product-type.bundle.unit-test";
		};
		1851A6641C5D077600EE728A /* pokedexUITests */ = {
			isa = PBXNativeTarget;
			buildConfigurationList = 1851A6741C5D077600EE728A /* Build configuration list for PBXNativeTarget "pokedexUITests" */;
			buildPhases = (
				1851A6611C5D077600EE728A /* Sources */,
				1851A6621C5D077600EE728A /* Frameworks */,
				1851A6631C5D077600EE728A /* Resources */,
			);
			buildRules = (
			);
			dependencies = (
				1851A6671C5D077600EE728A /* PBXTargetDependency */,
			);
			name = pokedexUITests;
			productName = pokedexUITests;
			productReference = 1851A6651C5D077600EE728A /* pokedexUITests.xctest */;
			productType = "com.apple.product-type.bundle.ui-testing";
		};
/* End PBXNativeTarget section */

/* Begin PBXProject section */
		1851A63E1C5D077500EE728A /* Project object */ = {
			isa = PBXProject;
			attributes = {
				LastSwiftUpdateCheck = 0710;
				LastUpgradeCheck = 0710;
				ORGANIZATIONNAME = "Rodrigo Pena";
				TargetAttributes = {
					1851A6451C5D077500EE728A = {
						CreatedOnToolsVersion = 7.1.1;
					};
					1851A6591C5D077600EE728A = {
						CreatedOnToolsVersion = 7.1.1;
						TestTargetID = 1851A6451C5D077500EE728A;
					};
					1851A6641C5D077600EE728A = {
						CreatedOnToolsVersion = 7.1.1;
						TestTargetID = 1851A6451C5D077500EE728A;
					};
				};
			};
			buildConfigurationList = 1851A6411C5D077500EE728A /* Build configuration list for PBXProject "pokedex" */;
			compatibilityVersion = "Xcode 3.2";
			developmentRegion = English;
			hasScannedForEncodings = 0;
			knownRegions = (
				en,
				Base,
			);
			mainGroup = 1851A63D1C5D077500EE728A;
			productRefGroup = 1851A6471C5D077600EE728A /* Products */;
			projectDirPath = "";
			projectRoot = "";
			targets = (
				1851A6451C5D077500EE728A /* pokedex */,
				1851A6591C5D077600EE728A /* pokedexTests */,
				1851A6641C5D077600EE728A /* pokedexUITests */,
			);
		};
/* End PBXProject section */

/* Begin PBXResourcesBuildPhase section */
		1851A6441C5D077500EE728A /* Resources */ = {
			isa = PBXResourcesBuildPhase;
			buildActionMask = 2147483647;
			files = (
				1851A6541C5D077600EE728A /* LaunchScreen.storyboard in Resources */,
				1851A6511C5D077600EE728A /* Assets.xcassets in Resources */,
				1851A64F1C5D077600EE728A /* Main.storyboard in Resources */,
			);
			runOnlyForDeploymentPostprocessing = 0;
		};
		1851A6581C5D077600EE728A /* Resources */ = {
			isa = PBXResourcesBuildPhase;
			buildActionMask = 2147483647;
			files = (
			);
			runOnlyForDeploymentPostprocessing = 0;
		};
		1851A6631C5D077600EE728A /* Resources */ = {
			isa = PBXResourcesBuildPhase;
			buildActionMask = 2147483647;
			files = (
			);
			runOnlyForDeploymentPostprocessing = 0;
		};
/* End PBXResourcesBuildPhase section */

/* Begin PBXSourcesBuildPhase section */
		1851A6421C5D077500EE728A /* Sources */ = {
			isa = PBXSourcesBuildPhase;
			buildActionMask = 2147483647;
			files = (
				1851A64C1C5D077600EE728A /* ViewController.swift in Sources */,
				1851A64A1C5D077600EE728A /* AppDelegate.swift in Sources */,
			);
			runOnlyForDeploymentPostprocessing = 0;
		};
		1851A6561C5D077600EE728A /* Sources */ = {
			isa = PBXSourcesBuildPhase;
			buildActionMask = 2147483647;
			files = (
				1851A65F1C5D077600EE728A /* pokedexTests.swift in Sources */,
			);
			runOnlyForDeploymentPostprocessing = 0;
		};
		1851A6611C5D077600EE728A /* Sources */ = {
			isa = PBXSourcesBuildPhase;
			buildActionMask = 2147483647;
			files = (
				1851A66A1C5D077600EE728A /* pokedexUITests.swift in Sources */,
			);
			runOnlyForDeploymentPostprocessing = 0;
		};
/* End PBXSourcesBuildPhase section */

/* Begin PBXTargetDependency section */
		1851A65C1C5D077600EE728A /* PBXTargetDependency */ = {
			isa = PBXTargetDependency;
			target = 1851A6451C5D077500EE728A /* pokedex */;
			targetProxy = 1851A65B1C5D077600EE728A /* PBXContainerItemProxy */;
		};
		1851A6671C5D077600EE728A /* PBXTargetDependency */ = {
			isa = PBXTargetDependency;
			target = 1851A6451C5D077500EE728A /* pokedex */;
			targetProxy = 1851A6661C5D077600EE728A /* PBXContainerItemProxy */;
		};
/* End PBXTargetDependency section */

/* Begin PBXVariantGroup section */
		1851A64D1C5D077600EE728A /* Main.storyboard */ = {
			isa = PBXVariantGroup;
			children = (
				1851A64E1C5D077600EE728A /* Base */,
			);
			name = Main.storyboard;
			sourceTree = "<group>";
		};
		1851A6521C5D077600EE728A /* LaunchScreen.storyboard */ = {
			isa = PBXVariantGroup;
			children = (
				1851A6531C5D077600EE728A /* Base */,
			);
			name = LaunchScreen.storyboard;
			sourceTree = "<group>";
		};
/* End PBXVariantGroup section */

/* Begin XCBuildConfiguration section */
		1851A66C1C5D077600EE728A /* Debug */ = {
			isa = XCBuildConfiguration;
			buildSettings = {
				ALWAYS_SEARCH_USER_PATHS = NO;
				CLANG_CXX_LANGUAGE_STANDARD = "gnu++0x";
				CLANG_CXX_LIBRARY = "libc++";
				CLANG_ENABLE_MODULES = YES;
				CLANG_ENABLE_OBJC_ARC = YES;
				CLANG_WARN_BOOL_CONVERSION = YES;
				CLANG_WARN_CONSTANT_CONVERSION = YES;
				CLANG_WARN_DIRECT_OBJC_ISA_USAGE = YES_ERROR;
				CLANG_WARN_EMPTY_BODY = YES;
				CLANG_WARN_ENUM_CONVERSION = YES;
				CLANG_WARN_INT_CONVERSION = YES;
				CLANG_WARN_OBJC_ROOT_CLASS = YES_ERROR;
				CLANG_WARN_UNREACHABLE_CODE = YES;
				CLANG_WARN__DUPLICATE_METHOD_MATCH = YES;
				"CODE_SIGN_IDENTITY[sdk=iphoneos*]" = "iPhone Developer";
				COPY_PHASE_STRIP = NO;
				DEBUG_INFORMATION_FORMAT = dwarf;
				ENABLE_STRICT_OBJC_MSGSEND = YES;
				ENABLE_TESTABILITY = YES;
				GCC_C_LANGUAGE_STANDARD = gnu99;
				GCC_DYNAMIC_NO_PIC = NO;
				GCC_NO_COMMON_BLOCKS = YES;
				GCC_OPTIMIZATION_LEVEL = 0;
				GCC_PREPROCESSOR_DEFINITIONS = (
					"DEBUG=1",
					"$(inherited)",
				);
				GCC_WARN_64_TO_32_BIT_CONVERSION = YES;
				GCC_WARN_ABOUT_RETURN_TYPE = YES_ERROR;
				GCC_WARN_UNDECLARED_SELECTOR = YES;
				GCC_WARN_UNINITIALIZED_AUTOS = YES_AGGRESSIVE;
				GCC_WARN_UNUSED_FUNCTION = YES;
				GCC_WARN_UNUSED_VARIABLE = YES;
				IPHONEOS_DEPLOYMENT_TARGET = 9.1;
				MTL_ENABLE_DEBUG_INFO = YES;
				ONLY_ACTIVE_ARCH = YES;
				SDKROOT = iphoneos;
				SWIFT_OPTIMIZATION_LEVEL = "-Onone";
				TARGETED_DEVICE_FAMILY = "1,2";
			};
			name = Debug;
		};
		1851A66D1C5D077600EE728A /* Release */ = {
			isa = XCBuildConfiguration;
			buildSettings = {
				ALWAYS_SEARCH_USER_PATHS = NO;
				CLANG_CXX_LANGUAGE_STANDARD = "gnu++0x";
				CLANG_CXX_LIBRARY = "libc++";
				CLANG_ENABLE_MODULES = YES;
				CLANG_ENABLE_OBJC_ARC = YES;
				CLANG_WARN_BOOL_CONVERSION = YES;
				CLANG_WARN_CONSTANT_CONVERSION = YES;
				CLANG_WARN_DIRECT_OBJC_ISA_USAGE = YES_ERROR;
				CLANG_WARN_EMPTY_BODY = YES;
				CLANG_WARN_ENUM_CONVERSION = YES;
				CLANG_WARN_INT_CONVERSION = YES;
				CLANG_WARN_OBJC_ROOT_CLASS = YES_ERROR;
				CLANG_WARN_UNREACHABLE_CODE = YES;
				CLANG_WARN__DUPLICATE_METHOD_MATCH = YES;
				"CODE_SIGN_IDENTITY[sdk=iphoneos*]" = "iPhone Developer";
				COPY_PHASE_STRIP = NO;
				DEBUG_INFORMATION_FORMAT = "dwarf-with-dsym";
				ENABLE_NS_ASSERTIONS = NO;
				ENABLE_STRICT_OBJC_MSGSEND = YES;
				GCC_C_LANGUAGE_STANDARD = gnu99;
				GCC_NO_COMMON_BLOCKS = YES;
				GCC_WARN_64_TO_32_BIT_CONVERSION = YES;
				GCC_WARN_ABOUT_RETURN_TYPE = YES_ERROR;
				GCC_WARN_UNDECLARED_SELECTOR = YES;
				GCC_WARN_UNINITIALIZED_AUTOS = YES_AGGRESSIVE;
				GCC_WARN_UNUSED_FUNCTION = YES;
				GCC_WARN_UNUSED_VARIABLE = YES;
				IPHONEOS_DEPLOYMENT_TARGET = 9.1;
				MTL_ENABLE_DEBUG_INFO = NO;
				SDKROOT = iphoneos;
				TARGETED_DEVICE_FAMILY = "1,2";
				VALIDATE_PRODUCT = YES;
			};
			name = Release;
		};
		1851A66F1C5D077600EE728A /* Debug */ = {
			isa = XCBuildConfiguration;
			buildSettings = {
				ASSETCATALOG_COMPILER_APPICON_NAME = AppIcon;
				INFOPLIST_FILE = pokedex/Info.plist;
				LD_RUNPATH_SEARCH_PATHS = "$(inherited) @executable_path/Frameworks";
				PRODUCT_BUNDLE_IDENTIFIER = com.Swift.pokedex;
				PRODUCT_NAME = "$(TARGET_NAME)";
			};
			name = Debug;
		};
		1851A6701C5D077600EE728A /* Release */ = {
			isa = XCBuildConfiguration;
			buildSettings = {
				ASSETCATALOG_COMPILER_APPICON_NAME = AppIcon;
				INFOPLIST_FILE = pokedex/Info.plist;
				LD_RUNPATH_SEARCH_PATHS = "$(inherited) @executable_path/Frameworks";
				PRODUCT_BUNDLE_IDENTIFIER = com.Swift.pokedex;
				PRODUCT_NAME = "$(TARGET_NAME)";
			};
			name = Release;
		};
		1851A6721C5D077600EE728A /* Debug */ = {
			isa = XCBuildConfiguration;
			buildSettings = {
				BUNDLE_LOADER = "$(TEST_HOST)";
				INFOPLIST_FILE = pokedexTests/Info.plist;
				LD_RUNPATH_SEARCH_PATHS = "$(inherited) @executable_path/Frameworks @loader_path/Frameworks";
				PRODUCT_BUNDLE_IDENTIFIER = com.Swift.pokedexTests;
				PRODUCT_NAME = "$(TARGET_NAME)";
				TEST_HOST = "$(BUILT_PRODUCTS_DIR)/pokedex.app/pokedex";
			};
			name = Debug;
		};
		1851A6731C5D077600EE728A /* Release */ = {
			isa = XCBuildConfiguration;
			buildSettings = {
				BUNDLE_LOADER = "$(TEST_HOST)";
				INFOPLIST_FILE = pokedexTests/Info.plist;
				LD_RUNPATH_SEARCH_PATHS = "$(inherited) @executable_path/Frameworks @loader_path/Frameworks";
				PRODUCT_BUNDLE_IDENTIFIER = com.Swift.pokedexTests;
				PRODUCT_NAME = "$(TARGET_NAME)";
				TEST_HOST = "$(BUILT_PRODUCTS_DIR)/pokedex.app/pokedex";
			};
			name = Release;
		};
		1851A6751C5D077600EE728A /* Debug */ = {
			isa = XCBuildConfiguration;
			buildSettings = {
				INFOPLIST_FILE = pokedexUITests/Info.plist;
				LD_RUNPATH_SEARCH_PATHS = "$(inherited) @executable_path/Frameworks @loader_path/Frameworks";
				PRODUCT_BUNDLE_IDENTIFIER = com.Swift.pokedexUITests;
				PRODUCT_NAME = "$(TARGET_NAME)";
				TEST_TARGET_NAME = pokedex;
				USES_XCTRUNNER = YES;
			};
			name = Debug;
		};
		1851A6761C5D077600EE728A /* Release */ = {
			isa = XCBuildConfiguration;
			buildSettings = {
				INFOPLIST_FILE = pokedexUITests/Info.plist;
				LD_RUNPATH_SEARCH_PATHS = "$(inherited) @executable_path/Frameworks @loader_path/Frameworks";
				PRODUCT_BUNDLE_IDENTIFIER = com.Swift.pokedexUITests;
				PRODUCT_NAME = "$(TARGET_NAME)";
				TEST_TARGET_NAME = pokedex;
				USES_XCTRUNNER = YES;
			};
			name = Release;
		};
/* End XCBuildConfiguration section */

/* Begin XCConfigurationList section */
		1851A6411C5D077500EE728A /* Build configuration list for PBXProject "pokedex" */ = {
			isa = XCConfigurationList;
			buildConfigurations = (
				1851A66C1C5D077600EE728A /* Debug */,
				1851A66D1C5D077600EE728A /* Release */,
			);
			defaultConfigurationIsVisible = 0;
			defaultConfigurationName = Release;
		};
		1851A66E1C5D077600EE728A /* Build configuration list for PBXNativeTarget "pokedex" */ = {
			isa = XCConfigurationList;
			buildConfigurations = (
				1851A66F1C5D077600EE728A /* Debug */,
				1851A6701C5D077600EE728A /* Release */,
			);
			defaultConfigurationIsVisible = 0;
		};
		1851A6711C5D077600EE728A /* Build configuration list for PBXNativeTarget "pokedexTests" */ = {
			isa = XCConfigurationList;
			buildConfigurations = (
				1851A6721C5D077600EE728A /* Debug */,
				1851A6731C5D077600EE728A /* Release */,
			);
			defaultConfigurationIsVisible = 0;
		};
		1851A6741C5D077600EE728A /* Build configuration list for PBXNativeTarget "pokedexUITests" */ = {
			isa = XCConfigurationList;
			buildConfigurations = (
				1851A6751C5D077600EE728A /* Debug */,
				1851A6761C5D077600EE728A /* Release */,
			);
			defaultConfigurationIsVisible = 0;
		};
/* End XCConfigurationList section */
	};
	rootObject = 1851A63E1C5D077500EE728A /* Project object */;
}
